// !$*UTF8*$!
{
	archiveVersion = 1;
	classes = {
	};
	objectVersion = 55;
	objects = {

/* Begin PBXBuildFile section */
		1408331C28A1F84800014262 /* GoogleService-Info .plist in Resources */ = {isa = PBXBuildFile; fileRef = 1408331B28A1F84800014262 /* GoogleService-Info .plist */; };
		1408331F28A1F8E900014262 /* FirebaseAnalytics in Frameworks */ = {isa = PBXBuildFile; productRef = 1408331E28A1F8E900014262 /* FirebaseAnalytics */; };
		1408332128A1F8E900014262 /* FirebaseAuth in Frameworks */ = {isa = PBXBuildFile; productRef = 1408332028A1F8E900014262 /* FirebaseAuth */; };
		1408332328A1F8E900014262 /* FirebaseCrashlytics in Frameworks */ = {isa = PBXBuildFile; productRef = 1408332228A1F8E900014262 /* FirebaseCrashlytics */; };
		1408332528A1F8E900014262 /* FirebaseDatabase in Frameworks */ = {isa = PBXBuildFile; productRef = 1408332428A1F8E900014262 /* FirebaseDatabase */; };
		1408332728A1F8E900014262 /* FirebaseFirestore in Frameworks */ = {isa = PBXBuildFile; productRef = 1408332628A1F8E900014262 /* FirebaseFirestore */; };
		1408332928A1F8EA00014262 /* FirebaseStorage in Frameworks */ = {isa = PBXBuildFile; productRef = 1408332828A1F8EA00014262 /* FirebaseStorage */; };
		1408332F28A1FB2600014262 /* Colors.xcassets in Resources */ = {isa = PBXBuildFile; fileRef = 1408332E28A1FB2600014262 /* Colors.xcassets */; };
		141097C328B5B2400025CA55 /* MapViewController.swift in Sources */ = {isa = PBXBuildFile; fileRef = 141097C228B5B2400025CA55 /* MapViewController.swift */; };
		141097C528B5B2630025CA55 /* PhotoViewController.swift in Sources */ = {isa = PBXBuildFile; fileRef = 141097C428B5B2630025CA55 /* PhotoViewController.swift */; };
		141103B7289FF50F006BBD4D /* AppDelegate.swift in Sources */ = {isa = PBXBuildFile; fileRef = 141103B6289FF50F006BBD4D /* AppDelegate.swift */; };
		141103B9289FF50F006BBD4D /* SceneDelegate.swift in Sources */ = {isa = PBXBuildFile; fileRef = 141103B8289FF50F006BBD4D /* SceneDelegate.swift */; };
		141103BB289FF50F006BBD4D /* LoginViewController.swift in Sources */ = {isa = PBXBuildFile; fileRef = 141103BA289FF50F006BBD4D /* LoginViewController.swift */; };
		141103BE289FF50F006BBD4D /* Main.storyboard in Resources */ = {isa = PBXBuildFile; fileRef = 141103BC289FF50F006BBD4D /* Main.storyboard */; };
		141103C1289FF50F006BBD4D /* Complete_Tourist_App.xcdatamodeld in Sources */ = {isa = PBXBuildFile; fileRef = 141103BF289FF50F006BBD4D /* Complete_Tourist_App.xcdatamodeld */; };
		141103C3289FF511006BBD4D /* Assets.xcassets in Resources */ = {isa = PBXBuildFile; fileRef = 141103C2289FF511006BBD4D /* Assets.xcassets */; };
		141103C6289FF511006BBD4D /* LaunchScreen.storyboard in Resources */ = {isa = PBXBuildFile; fileRef = 141103C4289FF511006BBD4D /* LaunchScreen.storyboard */; };
		1419317F28B0750C000F8976 /* RegisterViewController.swift in Sources */ = {isa = PBXBuildFile; fileRef = 1419317E28B0750C000F8976 /* RegisterViewController.swift */; };
/* End PBXBuildFile section */

/* Begin PBXFileReference section */
		1408331B28A1F84800014262 /* GoogleService-Info .plist */ = {isa = PBXFileReference; fileEncoding = 4; lastKnownFileType = text.plist.xml; path = "GoogleService-Info .plist"; sourceTree = "<group>"; };
		1408332E28A1FB2600014262 /* Colors.xcassets */ = {isa = PBXFileReference; lastKnownFileType = folder.assetcatalog; path = Colors.xcassets; sourceTree = "<group>"; };
		141097C228B5B2400025CA55 /* MapViewController.swift */ = {isa = PBXFileReference; lastKnownFileType = sourcecode.swift; path = MapViewController.swift; sourceTree = "<group>"; };
		141097C428B5B2630025CA55 /* PhotoViewController.swift */ = {isa = PBXFileReference; lastKnownFileType = sourcecode.swift; path = PhotoViewController.swift; sourceTree = "<group>"; };
		141103B3289FF50F006BBD4D /* Complete Tourist App.app */ = {isa = PBXFileReference; explicitFileType = wrapper.application; includeInIndex = 0; path = "Complete Tourist App.app"; sourceTree = BUILT_PRODUCTS_DIR; };
		141103B6289FF50F006BBD4D /* AppDelegate.swift */ = {isa = PBXFileReference; lastKnownFileType = sourcecode.swift; path = AppDelegate.swift; sourceTree = "<group>"; };
		141103B8289FF50F006BBD4D /* SceneDelegate.swift */ = {isa = PBXFileReference; lastKnownFileType = sourcecode.swift; path = SceneDelegate.swift; sourceTree = "<group>"; };
		141103BA289FF50F006BBD4D /* LoginViewController.swift */ = {isa = PBXFileReference; lastKnownFileType = sourcecode.swift; path = LoginViewController.swift; sourceTree = "<group>"; };
		141103BD289FF50F006BBD4D /* Base */ = {isa = PBXFileReference; lastKnownFileType = file.storyboard; name = Base; path = Base.lproj/Main.storyboard; sourceTree = "<group>"; };
		141103C0289FF50F006BBD4D /* Complete_Tourist_App.xcdatamodel */ = {isa = PBXFileReference; lastKnownFileType = wrapper.xcdatamodel; path = Complete_Tourist_App.xcdatamodel; sourceTree = "<group>"; };
		141103C2289FF511006BBD4D /* Assets.xcassets */ = {isa = PBXFileReference; lastKnownFileType = folder.assetcatalog; path = Assets.xcassets; sourceTree = "<group>"; };
		141103C5289FF511006BBD4D /* Base */ = {isa = PBXFileReference; lastKnownFileType = file.storyboard; name = Base; path = Base.lproj/LaunchScreen.storyboard; sourceTree = "<group>"; };
		141103C7289FF511006BBD4D /* Info.plist */ = {isa = PBXFileReference; lastKnownFileType = text.plist.xml; path = Info.plist; sourceTree = "<group>"; };
		1419317E28B0750C000F8976 /* RegisterViewController.swift */ = {isa = PBXFileReference; lastKnownFileType = sourcecode.swift; path = RegisterViewController.swift; sourceTree = "<group>"; };
/* End PBXFileReference section */

/* Begin PBXFrameworksBuildPhase section */
		141103B0289FF50F006BBD4D /* Frameworks */ = {
			isa = PBXFrameworksBuildPhase;
			buildActionMask = 2147483647;
			files = (
				1408332328A1F8E900014262 /* FirebaseCrashlytics in Frameworks */,
				1408331F28A1F8E900014262 /* FirebaseAnalytics in Frameworks */,
				1408332528A1F8E900014262 /* FirebaseDatabase in Frameworks */,
				1408332728A1F8E900014262 /* FirebaseFirestore in Frameworks */,
				1408332128A1F8E900014262 /* FirebaseAuth in Frameworks */,
				1408332928A1F8EA00014262 /* FirebaseStorage in Frameworks */,
			);
			runOnlyForDeploymentPostprocessing = 0;
		};
/* End PBXFrameworksBuildPhase section */

/* Begin PBXGroup section */
		1408332A28A1FA9000014262 /* Model */ = {
			isa = PBXGroup;
			children = (
				141103BF289FF50F006BBD4D /* Complete_Tourist_App.xcdatamodeld */,
			);
			path = Model;
			sourceTree = "<group>";
		};
		1408332C28A1FAA000014262 /* View */ = {
			isa = PBXGroup;
			children = (
				141103BC289FF50F006BBD4D /* Main.storyboard */,
				141103C4289FF511006BBD4D /* LaunchScreen.storyboard */,
				141103C2289FF511006BBD4D /* Assets.xcassets */,
				1408332E28A1FB2600014262 /* Colors.xcassets */,
			);
			path = View;
			sourceTree = "<group>";
		};
		1408332D28A1FAA700014262 /* Controller */ = {
			isa = PBXGroup;
			children = (
				141103BA289FF50F006BBD4D /* LoginViewController.swift */,
				1419317E28B0750C000F8976 /* RegisterViewController.swift */,
				141097C228B5B2400025CA55 /* MapViewController.swift */,
				141097C428B5B2630025CA55 /* PhotoViewController.swift */,
			);
			path = Controller;
			sourceTree = "<group>";
		};
		141103AA289FF50F006BBD4D = {
			isa = PBXGroup;
			children = (
				141103B5289FF50F006BBD4D /* Complete Tourist App */,
				141103B4289FF50F006BBD4D /* Products */,
			);
			sourceTree = "<group>";
		};
		141103B4289FF50F006BBD4D /* Products */ = {
			isa = PBXGroup;
			children = (
				141103B3289FF50F006BBD4D /* Complete Tourist App.app */,
			);
			name = Products;
			sourceTree = "<group>";
		};
		141103B5289FF50F006BBD4D /* Complete Tourist App */ = {
			isa = PBXGroup;
			children = (
				141103B6289FF50F006BBD4D /* AppDelegate.swift */,
				141103B8289FF50F006BBD4D /* SceneDelegate.swift */,
				141103C7289FF511006BBD4D /* Info.plist */,
				1408331B28A1F84800014262 /* GoogleService-Info .plist */,
				1408332D28A1FAA700014262 /* Controller */,
				1408332C28A1FAA000014262 /* View */,
				1408332A28A1FA9000014262 /* Model */,
			);
			path = "Complete Tourist App";
			sourceTree = "<group>";
		};
/* End PBXGroup section */

/* Begin PBXNativeTarget section */
		141103B2289FF50F006BBD4D /* Complete Tourist App */ = {
			isa = PBXNativeTarget;
			buildConfigurationList = 141103CA289FF511006BBD4D /* Build configuration list for PBXNativeTarget "Complete Tourist App" */;
			buildPhases = (
				141103AF289FF50F006BBD4D /* Sources */,
				141103B0289FF50F006BBD4D /* Frameworks */,
				141103B1289FF50F006BBD4D /* Resources */,
			);
			buildRules = (
			);
			dependencies = (
			);
			name = "Complete Tourist App";
			packageProductDependencies = (
				1408331E28A1F8E900014262 /* FirebaseAnalytics */,
				1408332028A1F8E900014262 /* FirebaseAuth */,
				1408332228A1F8E900014262 /* FirebaseCrashlytics */,
				1408332428A1F8E900014262 /* FirebaseDatabase */,
				1408332628A1F8E900014262 /* FirebaseFirestore */,
				1408332828A1F8EA00014262 /* FirebaseStorage */,
			);
			productName = "Complete Tourist App";
			productReference = 141103B3289FF50F006BBD4D /* Complete Tourist App.app */;
			productType = "com.apple.product-type.application";
		};
/* End PBXNativeTarget section */

/* Begin PBXProject section */
		141103AB289FF50F006BBD4D /* Project object */ = {
			isa = PBXProject;
			attributes = {
				BuildIndependentTargetsInParallel = 1;
				LastSwiftUpdateCheck = 1340;
				LastUpgradeCheck = 1340;
				TargetAttributes = {
					141103B2289FF50F006BBD4D = {
						CreatedOnToolsVersion = 13.4.1;
					};
				};
			};
			buildConfigurationList = 141103AE289FF50F006BBD4D /* Build configuration list for PBXProject "Complete Tourist App" */;
			compatibilityVersion = "Xcode 13.0";
			developmentRegion = en;
			hasScannedForEncodings = 0;
			knownRegions = (
				en,
				Base,
			);
			mainGroup = 141103AA289FF50F006BBD4D;
			packageReferences = (
				1408331D28A1F8E900014262 /* XCRemoteSwiftPackageReference "firebase-ios-sdk" */,
			);
			productRefGroup = 141103B4289FF50F006BBD4D /* Products */;
			projectDirPath = "";
			projectRoot = "";
			targets = (
				141103B2289FF50F006BBD4D /* Complete Tourist App */,
			);
		};
/* End PBXProject section */

/* Begin PBXResourcesBuildPhase section */
		141103B1289FF50F006BBD4D /* Resources */ = {
			isa = PBXResourcesBuildPhase;
			buildActionMask = 2147483647;
			files = (
				1408332F28A1FB2600014262 /* Colors.xcassets in Resources */,
				141103C6289FF511006BBD4D /* LaunchScreen.storyboard in Resources */,
				141103C3289FF511006BBD4D /* Assets.xcassets in Resources */,
				1408331C28A1F84800014262 /* GoogleService-Info .plist in Resources */,
				141103BE289FF50F006BBD4D /* Main.storyboard in Resources */,
			);
			runOnlyForDeploymentPostprocessing = 0;
		};
/* End PBXResourcesBuildPhase section */

/* Begin PBXSourcesBuildPhase section */
		141103AF289FF50F006BBD4D /* Sources */ = {
			isa = PBXSourcesBuildPhase;
			buildActionMask = 2147483647;
			files = (
				141103BB289FF50F006BBD4D /* LoginViewController.swift in Sources */,
				141097C328B5B2400025CA55 /* MapViewController.swift in Sources */,
				1419317F28B0750C000F8976 /* RegisterViewController.swift in Sources */,
				141103C1289FF50F006BBD4D /* Complete_Tourist_App.xcdatamodeld in Sources */,
				141097C528B5B2630025CA55 /* PhotoViewController.swift in Sources */,
				141103B7289FF50F006BBD4D /* AppDelegate.swift in Sources */,
				141103B9289FF50F006BBD4D /* SceneDelegate.swift in Sources */,
			);
			runOnlyForDeploymentPostprocessing = 0;
		};
/* End PBXSourcesBuildPhase section */

/* Begin PBXVariantGroup section */
		141103BC289FF50F006BBD4D /* Main.storyboard */ = {
			isa = PBXVariantGroup;
			children = (
				141103BD289FF50F006BBD4D /* Base */,
			);
			name = Main.storyboard;
			sourceTree = "<group>";
		};
		141103C4289FF511006BBD4D /* LaunchScreen.storyboard */ = {
			isa = PBXVariantGroup;
			children = (
				141103C5289FF511006BBD4D /* Base */,
			);
			name = LaunchScreen.storyboard;
			sourceTree = "<group>";
		};
/* End PBXVariantGroup section */

/* Begin XCBuildConfiguration section */
		141103C8289FF511006BBD4D /* Debug */ = {
			isa = XCBuildConfiguration;
			buildSettings = {
				ALWAYS_SEARCH_USER_PATHS = NO;
				CLANG_ANALYZER_NONNULL = YES;
				CLANG_ANALYZER_NUMBER_OBJECT_CONVERSION = YES_AGGRESSIVE;
				CLANG_CXX_LANGUAGE_STANDARD = "gnu++17";
				CLANG_ENABLE_MODULES = YES;
				CLANG_ENABLE_OBJC_ARC = YES;
				CLANG_ENABLE_OBJC_WEAK = YES;
				CLANG_WARN_BLOCK_CAPTURE_AUTORELEASING = YES;
				CLANG_WARN_BOOL_CONVERSION = YES;
				CLANG_WARN_COMMA = YES;
				CLANG_WARN_CONSTANT_CONVERSION = YES;
				CLANG_WARN_DEPRECATED_OBJC_IMPLEMENTATIONS = YES;
				CLANG_WARN_DIRECT_OBJC_ISA_USAGE = YES_ERROR;
				CLANG_WARN_DOCUMENTATION_COMMENTS = YES;
				CLANG_WARN_EMPTY_BODY = YES;
				CLANG_WARN_ENUM_CONVERSION = YES;
				CLANG_WARN_INFINITE_RECURSION = YES;
				CLANG_WARN_INT_CONVERSION = YES;
				CLANG_WARN_NON_LITERAL_NULL_CONVERSION = YES;
				CLANG_WARN_OBJC_IMPLICIT_RETAIN_SELF = YES;
				CLANG_WARN_OBJC_LITERAL_CONVERSION = YES;
				CLANG_WARN_OBJC_ROOT_CLASS = YES_ERROR;
				CLANG_WARN_QUOTED_INCLUDE_IN_FRAMEWORK_HEADER = YES;
				CLANG_WARN_RANGE_LOOP_ANALYSIS = YES;
				CLANG_WARN_STRICT_PROTOTYPES = YES;
				CLANG_WARN_SUSPICIOUS_MOVE = YES;
				CLANG_WARN_UNGUARDED_AVAILABILITY = YES_AGGRESSIVE;
				CLANG_WARN_UNREACHABLE_CODE = YES;
				CLANG_WARN__DUPLICATE_METHOD_MATCH = YES;
				COPY_PHASE_STRIP = NO;
				DEBUG_INFORMATION_FORMAT = dwarf;
				ENABLE_STRICT_OBJC_MSGSEND = YES;
				ENABLE_TESTABILITY = YES;
				GCC_C_LANGUAGE_STANDARD = gnu11;
				GCC_DYNAMIC_NO_PIC = NO;
				GCC_NO_COMMON_BLOCKS = YES;
				GCC_OPTIMIZATION_LEVEL = 0;
				GCC_PREPROCESSOR_DEFINITIONS = (
					"DEBUG=1",
					"$(inherited)",
				);
				GCC_WARN_64_TO_32_BIT_CONVERSION = YES;
				GCC_WARN_ABOUT_RETURN_TYPE = YES_ERROR;
				GCC_WARN_UNDECLARED_SELECTOR = YES;
				GCC_WARN_UNINITIALIZED_AUTOS = YES_AGGRESSIVE;
				GCC_WARN_UNUSED_FUNCTION = YES;
				GCC_WARN_UNUSED_VARIABLE = YES;
				IPHONEOS_DEPLOYMENT_TARGET = 15.5;
				MTL_ENABLE_DEBUG_INFO = INCLUDE_SOURCE;
				MTL_FAST_MATH = YES;
				ONLY_ACTIVE_ARCH = YES;
				SDKROOT = iphoneos;
				SWIFT_ACTIVE_COMPILATION_CONDITIONS = DEBUG;
				SWIFT_OPTIMIZATION_LEVEL = "-Onone";
			};
			name = Debug;
		};
		141103C9289FF511006BBD4D /* Release */ = {
			isa = XCBuildConfiguration;
			buildSettings = {
				ALWAYS_SEARCH_USER_PATHS = NO;
				CLANG_ANALYZER_NONNULL = YES;
				CLANG_ANALYZER_NUMBER_OBJECT_CONVERSION = YES_AGGRESSIVE;
				CLANG_CXX_LANGUAGE_STANDARD = "gnu++17";
				CLANG_ENABLE_MODULES = YES;
				CLANG_ENABLE_OBJC_ARC = YES;
				CLANG_ENABLE_OBJC_WEAK = YES;
				CLANG_WARN_BLOCK_CAPTURE_AUTORELEASING = YES;
				CLANG_WARN_BOOL_CONVERSION = YES;
				CLANG_WARN_COMMA = YES;
				CLANG_WARN_CONSTANT_CONVERSION = YES;
				CLANG_WARN_DEPRECATED_OBJC_IMPLEMENTATIONS = YES;
				CLANG_WARN_DIRECT_OBJC_ISA_USAGE = YES_ERROR;
				CLANG_WARN_DOCUMENTATION_COMMENTS = YES;
				CLANG_WARN_EMPTY_BODY = YES;
				CLANG_WARN_ENUM_CONVERSION = YES;
				CLANG_WARN_INFINITE_RECURSION = YES;
				CLANG_WARN_INT_CONVERSION = YES;
				CLANG_WARN_NON_LITERAL_NULL_CONVERSION = YES;
				CLANG_WARN_OBJC_IMPLICIT_RETAIN_SELF = YES;
				CLANG_WARN_OBJC_LITERAL_CONVERSION = YES;
				CLANG_WARN_OBJC_ROOT_CLASS = YES_ERROR;
				CLANG_WARN_QUOTED_INCLUDE_IN_FRAMEWORK_HEADER = YES;
				CLANG_WARN_RANGE_LOOP_ANALYSIS = YES;
				CLANG_WARN_STRICT_PROTOTYPES = YES;
				CLANG_WARN_SUSPICIOUS_MOVE = YES;
				CLANG_WARN_UNGUARDED_AVAILABILITY = YES_AGGRESSIVE;
				CLANG_WARN_UNREACHABLE_CODE = YES;
				CLANG_WARN__DUPLICATE_METHOD_MATCH = YES;
				COPY_PHASE_STRIP = NO;
				DEBUG_INFORMATION_FORMAT = "dwarf-with-dsym";
				ENABLE_NS_ASSERTIONS = NO;
				ENABLE_STRICT_OBJC_MSGSEND = YES;
				GCC_C_LANGUAGE_STANDARD = gnu11;
				GCC_NO_COMMON_BLOCKS = YES;
				GCC_WARN_64_TO_32_BIT_CONVERSION = YES;
				GCC_WARN_ABOUT_RETURN_TYPE = YES_ERROR;
				GCC_WARN_UNDECLARED_SELECTOR = YES;
				GCC_WARN_UNINITIALIZED_AUTOS = YES_AGGRESSIVE;
				GCC_WARN_UNUSED_FUNCTION = YES;
				GCC_WARN_UNUSED_VARIABLE = YES;
				IPHONEOS_DEPLOYMENT_TARGET = 15.5;
				MTL_ENABLE_DEBUG_INFO = NO;
				MTL_FAST_MATH = YES;
				SDKROOT = iphoneos;
				SWIFT_COMPILATION_MODE = wholemodule;
				SWIFT_OPTIMIZATION_LEVEL = "-O";
				VALIDATE_PRODUCT = YES;
			};
			name = Release;
		};
		141103CB289FF511006BBD4D /* Debug */ = {
			isa = XCBuildConfiguration;
			buildSettings = {
				ASSETCATALOG_COMPILER_APPICON_NAME = AppIcon;
				ASSETCATALOG_COMPILER_GLOBAL_ACCENT_COLOR_NAME = AccentColor;
				CODE_SIGN_STYLE = Automatic;
				CURRENT_PROJECT_VERSION = 1;
				DEVELOPMENT_TEAM = ADBN78736P;
				GENERATE_INFOPLIST_FILE = YES;
				INFOPLIST_FILE = "Complete Tourist App/Info.plist";
				INFOPLIST_KEY_UIApplicationSupportsIndirectInputEvents = YES;
				INFOPLIST_KEY_UILaunchStoryboardName = LaunchScreen;
				INFOPLIST_KEY_UIMainStoryboardFile = Main;
				INFOPLIST_KEY_UISupportedInterfaceOrientations_iPad = "UIInterfaceOrientationPortrait UIInterfaceOrientationPortraitUpsideDown UIInterfaceOrientationLandscapeLeft UIInterfaceOrientationLandscapeRight";
				INFOPLIST_KEY_UISupportedInterfaceOrientations_iPhone = "UIInterfaceOrientationPortrait UIInterfaceOrientationLandscapeLeft UIInterfaceOrientationLandscapeRight";
				LD_RUNPATH_SEARCH_PATHS = (
					"$(inherited)",
					"@executable_path/Frameworks",
				);
				MARKETING_VERSION = 1.0;
				PRODUCT_BUNDLE_IDENTIFIER = "com.dfvalenciav.Complete-Tourist-App";
				PRODUCT_NAME = "$(TARGET_NAME)";
				SWIFT_EMIT_LOC_STRINGS = YES;
				SWIFT_VERSION = 5.0;
				TARGETED_DEVICE_FAMILY = "1,2";
			};
			name = Debug;
		};
		141103CC289FF511006BBD4D /* Release */ = {
			isa = XCBuildConfiguration;
			buildSettings = {
				ASSETCATALOG_COMPILER_APPICON_NAME = AppIcon;
				ASSETCATALOG_COMPILER_GLOBAL_ACCENT_COLOR_NAME = AccentColor;
				CODE_SIGN_STYLE = Automatic;
				CURRENT_PROJECT_VERSION = 1;
				DEVELOPMENT_TEAM = ADBN78736P;
				GENERATE_INFOPLIST_FILE = YES;
				INFOPLIST_FILE = "Complete Tourist App/Info.plist";
				INFOPLIST_KEY_UIApplicationSupportsIndirectInputEvents = YES;
				INFOPLIST_KEY_UILaunchStoryboardName = LaunchScreen;
				INFOPLIST_KEY_UIMainStoryboardFile = Main;
				INFOPLIST_KEY_UISupportedInterfaceOrientations_iPad = "UIInterfaceOrientationPortrait UIInterfaceOrientationPortraitUpsideDown UIInterfaceOrientationLandscapeLeft UIInterfaceOrientationLandscapeRight";
				INFOPLIST_KEY_UISupportedInterfaceOrientations_iPhone = "UIInterfaceOrientationPortrait UIInterfaceOrientationLandscapeLeft UIInterfaceOrientationLandscapeRight";
				LD_RUNPATH_SEARCH_PATHS = (
					"$(inherited)",
					"@executable_path/Frameworks",
				);
				MARKETING_VERSION = 1.0;
				PRODUCT_BUNDLE_IDENTIFIER = "com.dfvalenciav.Complete-Tourist-App";
				PRODUCT_NAME = "$(TARGET_NAME)";
				SWIFT_EMIT_LOC_STRINGS = YES;
				SWIFT_VERSION = 5.0;
				TARGETED_DEVICE_FAMILY = "1,2";
			};
			name = Release;
		};
/* End XCBuildConfiguration section */

/* Begin XCConfigurationList section */
		141103AE289FF50F006BBD4D /* Build configuration list for PBXProject "Complete Tourist App" */ = {
			isa = XCConfigurationList;
			buildConfigurations = (
				141103C8289FF511006BBD4D /* Debug */,
				141103C9289FF511006BBD4D /* Release */,
			);
			defaultConfigurationIsVisible = 0;
			defaultConfigurationName = Release;
		};
		141103CA289FF511006BBD4D /* Build configuration list for PBXNativeTarget "Complete Tourist App" */ = {
			isa = XCConfigurationList;
			buildConfigurations = (
				141103CB289FF511006BBD4D /* Debug */,
				141103CC289FF511006BBD4D /* Release */,
			);
			defaultConfigurationIsVisible = 0;
			defaultConfigurationName = Release;
		};
/* End XCConfigurationList section */

/* Begin XCRemoteSwiftPackageReference section */
		1408331D28A1F8E900014262 /* XCRemoteSwiftPackageReference "firebase-ios-sdk" */ = {
			isa = XCRemoteSwiftPackageReference;
			repositoryURL = "https://github.com/firebase/firebase-ios-sdk";
			requirement = {
				branch = master;
				kind = branch;
			};
		};
/* End XCRemoteSwiftPackageReference section */

/* Begin XCSwiftPackageProductDependency section */
		1408331E28A1F8E900014262 /* FirebaseAnalytics */ = {
			isa = XCSwiftPackageProductDependency;
			package = 1408331D28A1F8E900014262 /* XCRemoteSwiftPackageReference "firebase-ios-sdk" */;
			productName = FirebaseAnalytics;
		};
		1408332028A1F8E900014262 /* FirebaseAuth */ = {
			isa = XCSwiftPackageProductDependency;
			package = 1408331D28A1F8E900014262 /* XCRemoteSwiftPackageReference "firebase-ios-sdk" */;
			productName = FirebaseAuth;
		};
		1408332228A1F8E900014262 /* FirebaseCrashlytics */ = {
			isa = XCSwiftPackageProductDependency;
			package = 1408331D28A1F8E900014262 /* XCRemoteSwiftPackageReference "firebase-ios-sdk" */;
			productName = FirebaseCrashlytics;
		};
		1408332428A1F8E900014262 /* FirebaseDatabase */ = {
			isa = XCSwiftPackageProductDependency;
			package = 1408331D28A1F8E900014262 /* XCRemoteSwiftPackageReference "firebase-ios-sdk" */;
			productName = FirebaseDatabase;
		};
		1408332628A1F8E900014262 /* FirebaseFirestore */ = {
			isa = XCSwiftPackageProductDependency;
			package = 1408331D28A1F8E900014262 /* XCRemoteSwiftPackageReference "firebase-ios-sdk" */;
			productName = FirebaseFirestore;
		};
		1408332828A1F8EA00014262 /* FirebaseStorage */ = {
			isa = XCSwiftPackageProductDependency;
			package = 1408331D28A1F8E900014262 /* XCRemoteSwiftPackageReference "firebase-ios-sdk" */;
			productName = FirebaseStorage;
		};
/* End XCSwiftPackageProductDependency section */

/* Begin XCVersionGroup section */
		141103BF289FF50F006BBD4D /* Complete_Tourist_App.xcdatamodeld */ = {
			isa = XCVersionGroup;
			children = (
				141103C0289FF50F006BBD4D /* Complete_Tourist_App.xcdatamodel */,
			);
			currentVersion = 141103C0289FF50F006BBD4D /* Complete_Tourist_App.xcdatamodel */;
			path = Complete_Tourist_App.xcdatamodeld;
			sourceTree = "<group>";
			versionGroupType = wrapper.xcdatamodel;
		};
/* End XCVersionGroup section */
	};
	rootObject = 141103AB289FF50F006BBD4D /* Project object */;
}
